Microsoft Visual Studio Solution File, Format Version 12.00
# Visual Studio Version 17
VisualStudioVersion = 17.5.2.0
MinimumVisualStudioVersion = 10.0.40219.1
Project("{FAE04EC0-301F-11D3-BF4B-00C04F79EFBC}") = "RealismPatchGenerator_CSharp", "RealismPatchGenerator_CSharp.csproj", "{280BEA44-5C7D-D605-CEDB-6F2DD32F0565}"
EndProject
Global
	GlobalSection(SolutionConfigurationPlatforms) = preSolution
		Debug|Any CPU = Debug|Any CPU
		Release|Any CPU = Release|Any CPU
	EndGlobalSection
	GlobalSection(ProjectConfigurationPlatforms) = postSolution
		{280BEA44-5C7D-D605-CEDB-6F2DD32F0565}.Debug|Any CPU.ActiveCfg = Debug|Any CPU
		{280BEA44-5C7D-D605-CEDB-6F2DD32F0565}.Debug|Any CPU.Build.0 = Debug|Any CPU
		{280BEA44-5C7D-D605-CEDB-6F2DD32F0565}.Release|Any CPU.ActiveCfg = Release|Any CPU
		{280BEA44-5C7D-D605-CEDB-6F2DD32F0565}.Release|Any CPU.Build.0 = Release|Any CPU
	EndGlobalSection
	GlobalSection(SolutionProperties) = preSolution
		HideSolutionNode = FALSE
	EndGlobalSection
	GlobalSection(ExtensibilityGlobals) = postSolution
		SolutionGuid = {8ECEB8E5-935C-40A4-8A62-3A32CF6A8028}
	EndGlobalSection
EndGlobal
